# THIS IS AN AUTOGENERATED FILE. DO NOT EDIT THIS FILE DIRECTLY.
assets/crimson-bold-webfont.eot:
  development: 2018-06-25T15:27:15+08:00   87728e4677fcdcf3ab878bbbabf84579
assets/crimson-bold-webfont.woff:
  development: 2018-06-25T15:27:15+08:00   ec902461db1e8fd5c0eaf03889ba7b8f
assets/crimson-bolditalic-webfont.eot:
  development: 2018-06-25T15:27:15+08:00   bdfc8ee5795ab1d9eeb1e0b4f830a202
assets/crimson-bolditalic-webfont.woff:
  development: 2018-06-25T15:27:16+08:00   cfe98df7e4571004b77a50547212e775
assets/crimson-italic-webfont.eot:
  development: 2018-06-25T15:27:16+08:00   bfed619f0ff1a731dcf6c04319dfa656
assets/crimson-italic-webfont.woff:
  development: 2018-06-25T15:27:16+08:00   879ca5e83fc97947d93f05dbc577293f
assets/crimson-roman-webfont.eot:
  development: 2018-06-25T15:27:16+08:00   5297626eb8597599f4238faf012cedbd
assets/crimson-roman-webfont.woff:
  development: 2018-06-25T15:27:16+08:00   9f1b62fc8e121db689258f2cbdf27787
assets/giftcard.scss.liquid:
  development: 2018-06-25T15:27:16+08:00   139762a3b681388ab6f4fd7886ef18e2
assets/jquery-1.11.1.min.js:
  development: 2018-06-25T15:27:17+08:00   8101d596b2b8fa35fe3a634ea342d7c3
assets/jquery.cart.min.js:
  development: 2018-06-25T15:27:17+08:00   308dd3eeacc7c06d02b80adff972cb98
assets/jquery.currencies.js:
  development: 2018-06-25T15:27:17+08:00   21a6f41c5ce4e3aafd4fd0c398703867
assets/modernizr-2.8.2.min.js:
  development: 2018-06-25T15:27:17+08:00   7607d57536efee08f0b875d52e960329
assets/pacific-icons.eot:
  development: 2018-06-25T15:27:17+08:00   9e0ece67832b915b0092858cdc92efb2
assets/pacific-icons.woff:
  development: 2018-06-25T15:27:18+08:00   dc8fd0b1ccfe611b3b936d929f2801cd
assets/pixelunionsocialicons-regular.eot:
  development: 2018-06-25T15:27:18+08:00   e88eb49ab81a238351ba36bf8ac7f340
assets/pixelunionsocialicons-regular.woff:
  development: 2018-06-25T15:27:18+08:00   babd5c3f7c22762629175d6a40b019d3
assets/plugins.js:
  development: 2018-06-25T15:27:18+08:00   7c1ba16936539077c8a6204e6ef871da
assets/respond-proxy.html:
  development: 2018-06-25T15:27:18+08:00   75002d74a330bff6bf069284da503b4c
assets/respond.min.js:
  development: 2018-06-25T15:27:19+08:00   a2684e9b8fa50d6d11c56a9ada068528
assets/theme.js.liquid:
  development: 2018-06-25T15:27:19+08:00   b815c7d488a7beaed4eb9930a1da9323
assets/theme.scss.liquid:
  development: 2018-06-25T20:31:57+08:00   3f7a0f05b2419d87383eb48696466b4d
config/settings_data.json:
  development: 2018-06-25T15:27:22+08:00   ead579741f0372efa96382c084b089eb
config/settings_schema.json:
  development: 2018-06-25T15:27:22+08:00   96541f347ce39ba93f178cfcd9c39d77
layout/theme.liquid:
  development: 2018-06-25T15:27:19+08:00   3e7b6afa7b4c1be89caeaa67d4088de8
locales/en.default.json:
  development: 2018-06-25T15:27:19+08:00   97518662796ca61346e031a6165b12cb
sections/footer.liquid:
  development: 2018-06-25T15:27:14+08:00   aa258c326c991f250b9b810a1e3d9424
sections/header.liquid:
  development: 2018-06-25T15:27:14+08:00   05e7a3a97d7b4948accc2405c005c03f
sections/home-blog-posts.liquid:
  development: 2018-06-25T15:27:14+08:00   5d37530fa74db62e7fb8bdd5d7aff5b3
sections/home-collection-list.liquid:
  development: 2018-06-25T15:27:14+08:00   ff91010e35d2752b78da86c20a6730e3
sections/home-featured-collection.liquid:
  development: 2018-06-25T15:27:14+08:00   44609af5cf09b1f99f9338b01b1c5ce2
sections/home-featured-product.liquid:
  development: 2018-06-25T15:27:14+08:00   9e4f0a59a37da26e27b6a1f10e8c2652
sections/home-featured-video.liquid:
  development: 2018-06-25T15:27:14+08:00   2bad397d4b4999bebf3f35625db72160
sections/home-image-gallery.liquid:
  development: 2018-06-25T15:27:14+08:00   6b03da4f9688cdd37bd9b75441a29ef4
sections/home-image-with-text.liquid:
  development: 2018-06-25T15:27:14+08:00   c5c9c327f014ac8a2582d308e49eb9f5
sections/home-slideshow.liquid:
  development: 2018-06-25T15:27:14+08:00   6660b14f59192b819dc74ffe61b52d5e
sections/page-cart.liquid:
  development: 2018-06-25T15:27:14+08:00   9ee964364bdc94c7c6fc23380899eb1a
sections/page-collection.liquid:
  development: 2018-06-25T15:27:14+08:00   e77b52c3e3de2191b98685166da1f505
sections/page-collections-list.liquid:
  development: 2018-06-25T15:27:14+08:00   e9fcab936fc74ff28b7354797737fad9
sections/page-product.liquid:
  development: 2018-06-25T15:27:14+08:00   d20b101d3b5d86d001b72b73d02e3dfa
sections/password.liquid:
  development: 2018-06-25T15:27:14+08:00   28f40d3d1c89f5ac2c06e2a58171eccd
sections/promotions.liquid:
  development: 2018-06-25T15:27:14+08:00   ca2e79181285818d8317d6b57c2c0cc6
sections/pxs-announcement-bar.liquid:
  development: 2018-06-25T15:27:14+08:00   96ffc63131d60eb44c514da849fd8c13
sections/pxs-map.liquid:
  development: 2018-06-25T15:27:14+08:00   17bf3136a7a8d98d5560292e148bec2d
sections/pxs-newsletter.liquid:
  development: 2018-06-25T15:27:14+08:00   8b5a43c884ad5d7d05e287b545a1169c
sections/pxs-rich-text.liquid:
  development: 2018-06-25T15:27:14+08:00   51b6d7130cde3a38dfe3c229467c92db
snippets/article-list-item.liquid:
  development: 2018-06-25T15:27:19+08:00   0ba0ef6d5daf3b46387d692e4be88be4
snippets/breadcrumbs.liquid:
  development: 2018-06-25T15:27:19+08:00   9e0e187ba762c3861212117a8f10d4bd
snippets/collection-header.liquid:
  development: 2018-06-25T15:27:19+08:00   26a912eb135be3bfb123f2c3ac6dc97c
snippets/collection-list-item.liquid:
  development: 2018-06-25T15:27:19+08:00   2dc4704b1a2ea427b4c6ea517b868b4d
snippets/currency-switcher.liquid:
  development: 2018-06-25T15:27:19+08:00   25fcf2c180e327f9e260da5954d418b1
snippets/footer-connect.liquid:
  development: 2018-06-25T15:27:19+08:00   43bde533e264e8489e0db4e2bd18835e
snippets/footer-instagram.liquid:
  development: 2018-06-25T15:27:19+08:00   94bea19db8f92b46561ae681e1295ccf
snippets/footer-link-lists.liquid:
  development: 2018-06-25T15:27:19+08:00   43fa77cd991f4d7f08b229400de71821
snippets/footer-text-box.liquid:
  development: 2018-06-25T15:27:20+08:00   b1694d16101ad8f94c1e8d1bcf60b17a
snippets/footer-tweet.liquid:
  development: 2018-06-25T15:27:20+08:00   9071d550423d60af589df01d7b3d4478
snippets/for-looper.liquid:
  development: 2018-06-25T15:27:20+08:00   eba9fc0e23ff04300e6c5a5bcc6e0328
snippets/has-dropdown.liquid:
  development: 2018-06-25T15:27:20+08:00   b148c222bb2d49f9e65be7d763723379
snippets/home-section-title.liquid:
  development: 2018-06-25T15:27:20+08:00   aff9e5dc0f8741e81c659f11ffd43856
snippets/mega-navigation-links.liquid:
  development: 2018-06-25T15:27:20+08:00   6436195c2d9c4badccff14baf534d2f3
snippets/mega-navigation.liquid:
  development: 2018-06-25T15:27:20+08:00   f3a9a09f039976e8636e610e4dcc24d0
snippets/navigation-links.liquid:
  development: 2018-06-25T15:27:20+08:00   6d789b1d83833bb5d195e444b51a492c
snippets/newsletter.liquid:
  development: 2018-06-25T15:27:20+08:00   b308ba9334451fa5d84fa3cbcd251258
snippets/page-header.liquid:
  development: 2018-06-25T15:27:20+08:00   d58bf7dd4e89577cf07eb66419af6139
snippets/pagination.liquid:
  development: 2018-06-25T15:27:20+08:00   5fd6854467745903e526046697c3417b
snippets/payment-icons.liquid:
  development: 2018-06-25T15:27:20+08:00   720c3f96b02206925fd6e0a34d75f2d6
snippets/placeholder_svg_uri.liquid:
  development: 2018-06-25T15:27:20+08:00   b27af0d8f216ec06ec31a4ca38bd99ef
snippets/product-description.liquid:
  development: 2018-06-25T15:27:20+08:00   8b1b2696fe387ec839bc9b38c8f66e7d
snippets/product-form.liquid:
  development: 2018-06-25T15:27:20+08:00   1427cfc168451418c77995f8f93d6932
snippets/product-images.liquid:
  development: 2018-06-25T15:27:20+08:00   dcb02f7e1fa5018d9e56fd6ef3a6a157
snippets/product-json.liquid:
  development: 2018-06-25T15:27:20+08:00   8fa6f19e9a3fd2697d6544fbe735bddd
snippets/product-list-item-demo.liquid:
  development: 2018-06-25T15:27:20+08:00   68dd460a12d0e110b100c8182d4add5b
snippets/product-list-item.liquid:
  development: 2018-06-25T15:27:20+08:00   ceac391b4f4602840be6d06431b4ec14
snippets/product-options-dropdown.liquid:
  development: 2018-06-25T15:27:20+08:00   3485d259a7d7e39d51992d651b81b948
snippets/respond.liquid:
  development: 2018-06-25T15:27:20+08:00   86c117006484ab9d239aa03c018dff92
snippets/rimg.liquid:
  development: 2018-06-25T15:27:20+08:00   980cdfa1300a1a36178a54d1fb4db7d1
snippets/share-buttons.liquid:
  development: 2018-06-25T15:27:21+08:00   34fb31aff8c8adeb74c656399b78f7a0
snippets/shipping-calculator.liquid:
  development: 2018-06-25T15:27:21+08:00   2f90337b9da7f96b5410d652a7786fae
snippets/sidebar.liquid:
  development: 2018-06-25T15:27:21+08:00   675c899b6970be02f3c53f69d594af04
snippets/social-meta.liquid:
  development: 2018-06-25T15:27:21+08:00   1829f2c844760191ba6b6471f2a85b0e
snippets/svg-sprite.liquid:
  development: 2018-06-25T15:27:21+08:00   89196daa4fcb4edc9ba0fd471bae1159
snippets/theme-options.liquid:
  development: 2018-06-25T15:27:21+08:00   a4dc2e67ee80a56bf39f5439a16dc894
templates/404.liquid:
  development: 2018-06-25T15:27:21+08:00   318c2353378f81d9241c32602e1fcbf6
templates/article.liquid:
  development: 2018-06-25T15:27:21+08:00   eb903ba2c80548ab53a7a7b1917522dd
templates/blog.liquid:
  development: 2018-06-25T15:27:21+08:00   bb2955df8fe37a4f6f2949d2fbe79198
templates/cart.liquid:
  development: 2018-06-25T15:27:21+08:00   ce10432681becf026ebc32fff0c35231
templates/collection.liquid:
  development: 2018-06-25T15:27:21+08:00   2192b27051dbbc0715bda2155b560021
templates/customers/account.liquid:
  development: 2018-06-25T15:27:21+08:00   680f696eed791eef282641c41fe13530
templates/customers/activate_account.liquid:
  development: 2018-06-25T15:27:21+08:00   3d2a05da3d135e10d06c9f4e09493710
templates/customers/addresses.liquid:
  development: 2018-06-25T15:27:21+08:00   432f68b9bda072c6129eec34e6ead457
templates/customers/login.liquid:
  development: 2018-06-25T15:27:21+08:00   362656681afca66ff60b5fbf811411eb
templates/customers/order.liquid:
  development: 2018-06-25T15:27:21+08:00   7c325c21d233c0855aaf06da77531539
templates/customers/register.liquid:
  development: 2018-06-25T15:27:21+08:00   6700bf295d39522eef39a5ad51d09644
templates/customers/reset_password.liquid:
  development: 2018-06-25T15:27:21+08:00   b2e11fbf9213aa8f45ce8126c6e593d8
templates/gift_card.liquid:
  development: 2018-06-25T15:27:21+08:00   cc0be66e890b04243e6316a76eac8c2a
templates/index.liquid:
  development: 2018-06-25T15:27:21+08:00   9ca2e91dc3a75d60a90421e91ad6702f
templates/list-collections.liquid:
  development: 2018-06-25T15:27:21+08:00   197cab67e0cb8c68d6808f81b36d9204
templates/page.contact.liquid:
  development: 2018-06-25T15:27:21+08:00   434eb0f7bdb5f5e2c938f7b993c1be8c
templates/page.liquid:
  development: 2018-06-25T15:27:21+08:00   cac6af14c898b042314d384217889a3d
templates/password.liquid:
  development: 2018-06-25T15:27:21+08:00   7fcef8ebc332a190681e8a4ef6aa2bf9
templates/product.liquid:
  development: 2018-06-25T15:27:22+08:00   34821237ac74058d6655bbc951dbb9d4
templates/search.liquid:
  development: 2018-06-25T15:27:22+08:00   48910e2fb001a6c63cab9636de405a58
